
Microsoft Visual Studio Solution File, Format Version 12.00
# Visual Studio Version 16
VisualStudioVersion = 16.0.30011.22
MinimumVisualStudioVersion = 10.0.40219.1
Project("{FAE04EC0-301F-11D3-BF4B-00C04F79EFBC}") = "Serilog.Sinks.GrafanaLoki", "src\Serilog.Sinks.GrafanaLoki\Serilog.Sinks.GrafanaLoki.csproj", "{714B9EBE-97DB-4AA8-85B6-BB694F663FD8}"
EndProject
Project("{FAE04EC0-301F-11D3-BF4B-00C04F79EFBC}") = "Serilog.Sinks.GrafanaLoki.Example", "src\Serilog.Sinks.GrafanaLoki.Example\Serilog.Sinks.GrafanaLoki.Example.csproj", "{0527CC04-6C96-449E-9906-87312411C494}"
EndProject
Global
	GlobalSection(SolutionConfigurationPlatforms) = preSolution
		Debug|Any CPU = Debug|Any CPU
		Release|Any CPU = Release|Any CPU
	EndGlobalSection
	GlobalSection(ProjectConfigurationPlatforms) = postSolution
		{714B9EBE-97DB-4AA8-85B6-BB694F663FD8}.Debug|Any CPU.ActiveCfg = Debug|Any CPU
		{714B9EBE-97DB-4AA8-85B6-BB694F663FD8}.Debug|Any CPU.Build.0 = Debug|Any CPU
		{714B9EBE-97DB-4AA8-85B6-BB694F663FD8}.Release|Any CPU.ActiveCfg = Release|Any CPU
		{714B9EBE-97DB-4AA8-85B6-BB694F663FD8}.Release|Any CPU.Build.0 = Release|Any CPU
		{0527CC04-6C96-449E-9906-87312411C494}.Debug|Any CPU.ActiveCfg = Debug|Any CPU
		{0527CC04-6C96-449E-9906-87312411C494}.Debug|Any CPU.Build.0 = Debug|Any CPU
		{0527CC04-6C96-449E-9906-87312411C494}.Release|Any CPU.ActiveCfg = Release|Any CPU
		{0527CC04-6C96-449E-9906-87312411C494}.Release|Any CPU.Build.0 = Release|Any CPU
	EndGlobalSection
	GlobalSection(SolutionProperties) = preSolution
		HideSolutionNode = FALSE
	EndGlobalSection
	GlobalSection(ExtensibilityGlobals) = postSolution
		SolutionGuid = {FC3BD854-7177-4504-949A-FABC1FE7D351}
	EndGlobalSection
EndGlobal
